
Microsoft Visual Studio Solution File, Format Version 12.00
# Visual Studio Version 16
VisualStudioVersion = 16.0.31402.337
MinimumVisualStudioVersion = 10.0.40219.1
Project("{9A19103F-16F7-4668-BE54-9A1E7A4F7556}") = "TechWorld.BackendServer", "src\TechWorld.BackendServer\TechWorld.BackendServer.csproj", "{13FA6F80-E359-4667-B54D-C7708D7CA344}"
EndProject
Project("{9A19103F-16F7-4668-BE54-9A1E7A4F7556}") = "TechWorld.ViewModels", "src\TechWorld.ViewModels\TechWorld.ViewModels.csproj", "{D3CD0DE0-8123-4E93-B5E4-5E5E5B3E4BA4}"
EndProject
Global
	GlobalSection(SolutionConfigurationPlatforms) = preSolution
		Debug|Any CPU = Debug|Any CPU
		Release|Any CPU = Release|Any CPU
	EndGlobalSection
	GlobalSection(ProjectConfigurationPlatforms) = postSolution
		{13FA6F80-E359-4667-B54D-C7708D7CA344}.Debug|Any CPU.ActiveCfg = Debug|Any CPU
		{13FA6F80-E359-4667-B54D-C7708D7CA344}.Debug|Any CPU.Build.0 = Debug|Any CPU
		{13FA6F80-E359-4667-B54D-C7708D7CA344}.Release|Any CPU.ActiveCfg = Release|Any CPU
		{13FA6F80-E359-4667-B54D-C7708D7CA344}.Release|Any CPU.Build.0 = Release|Any CPU
		{D3CD0DE0-8123-4E93-B5E4-5E5E5B3E4BA4}.Debug|Any CPU.ActiveCfg = Debug|Any CPU
		{D3CD0DE0-8123-4E93-B5E4-5E5E5B3E4BA4}.Debug|Any CPU.Build.0 = Debug|Any CPU
		{D3CD0DE0-8123-4E93-B5E4-5E5E5B3E4BA4}.Release|Any CPU.ActiveCfg = Release|Any CPU
		{D3CD0DE0-8123-4E93-B5E4-5E5E5B3E4BA4}.Release|Any CPU.Build.0 = Release|Any CPU
	EndGlobalSection
	GlobalSection(SolutionProperties) = preSolution
		HideSolutionNode = FALSE
	EndGlobalSection
	GlobalSection(ExtensibilityGlobals) = postSolution
		SolutionGuid = {42C73706-3B69-448A-9E20-7951D1D4AD7D}
	EndGlobalSection
EndGlobal
